// !$*UTF8*$!
{
	archiveVersion = 1;
	classes = {
	};
	objectVersion = 50;
	objects = {

/* Begin PBXBuildFile section */
		298567F1258BDDB90096AE46 /* AppDelegate.swift in Sources */ = {isa = PBXBuildFile; fileRef = 298567F0258BDDB90096AE46 /* AppDelegate.swift */; };
		298567F3258BDDBA0096AE46 /* SceneDelegate.swift in Sources */ = {isa = PBXBuildFile; fileRef = 298567F2258BDDBA0096AE46 /* SceneDelegate.swift */; };
		298567F5258BDDBA0096AE46 /* ViewController.swift in Sources */ = {isa = PBXBuildFile; fileRef = 298567F4258BDDBA0096AE46 /* ViewController.swift */; };
		298567F8258BDDBA0096AE46 /* Main.storyboard in Resources */ = {isa = PBXBuildFile; fileRef = 298567F6258BDDBA0096AE46 /* Main.storyboard */; };
		298567FA258BDE0F0096AE46 /* Assets.xcassets in Resources */ = {isa = PBXBuildFile; fileRef = 298567F9258BDE0F0096AE46 /* Assets.xcassets */; };
		298567FD258BDE0F0096AE46 /* LaunchScreen.storyboard in Resources */ = {isa = PBXBuildFile; fileRef = 298567FB258BDE0F0096AE46 /* LaunchScreen.storyboard */; };
		29856806258BE17E0096AE46 /* Inceptionv3.mlmodel in Sources */ = {isa = PBXBuildFile; fileRef = 29856805258BE17E0096AE46 /* Inceptionv3.mlmodel */; };
/* End PBXBuildFile section */

/* Begin PBXFileReference section */
		298567ED258BDDB90096AE46 /* ImageProcessML.app */ = {isa = PBXFileReference; explicitFileType = wrapper.application; includeInIndex = 0; path = ImageProcessML.app; sourceTree = BUILT_PRODUCTS_DIR; };
		298567F0258BDDB90096AE46 /* AppDelegate.swift */ = {isa = PBXFileReference; lastKnownFileType = sourcecode.swift; path = AppDelegate.swift; sourceTree = "<group>"; };
		298567F2258BDDBA0096AE46 /* SceneDelegate.swift */ = {isa = PBXFileReference; lastKnownFileType = sourcecode.swift; path = SceneDelegate.swift; sourceTree = "<group>"; };
		298567F4258BDDBA0096AE46 /* ViewController.swift */ = {isa = PBXFileReference; lastKnownFileType = sourcecode.swift; path = ViewController.swift; sourceTree = "<group>"; };
		298567F7258BDDBA0096AE46 /* Base */ = {isa = PBXFileReference; lastKnownFileType = file.storyboard; name = Base; path = Base.lproj/Main.storyboard; sourceTree = "<group>"; };
		298567F9258BDE0F0096AE46 /* Assets.xcassets */ = {isa = PBXFileReference; lastKnownFileType = folder.assetcatalog; path = Assets.xcassets; sourceTree = "<group>"; };
		298567FC258BDE0F0096AE46 /* Base */ = {isa = PBXFileReference; lastKnownFileType = file.storyboard; name = Base; path = Base.lproj/LaunchScreen.storyboard; sourceTree = "<group>"; };
		298567FE258BDE0F0096AE46 /* Info.plist */ = {isa = PBXFileReference; lastKnownFileType = text.plist.xml; path = Info.plist; sourceTree = "<group>"; };
		29856805258BE17E0096AE46 /* Inceptionv3.mlmodel */ = {isa = PBXFileReference; lastKnownFileType = file.mlmodel; path = Inceptionv3.mlmodel; sourceTree = "<group>"; };
/* End PBXFileReference section */

/* Begin PBXFrameworksBuildPhase section */
		298567EA258BDDB80096AE46 /* Frameworks */ = {
			isa = PBXFrameworksBuildPhase;
			buildActionMask = 2147483647;
			files = (
			);
			runOnlyForDeploymentPostprocessing = 0;
		};
/* End PBXFrameworksBuildPhase section */

/* Begin PBXGroup section */
		298567E4258BDDB10096AE46 = {
			isa = PBXGroup;
			children = (
				298567EF258BDDB90096AE46 /* ImageProcessML */,
				298567EE258BDDB90096AE46 /* Products */,
			);
			sourceTree = "<group>";
		};
		298567EE258BDDB90096AE46 /* Products */ = {
			isa = PBXGroup;
			children = (
				298567ED258BDDB90096AE46 /* ImageProcessML.app */,
			);
			name = Products;
			sourceTree = "<group>";
		};
		298567EF258BDDB90096AE46 /* ImageProcessML */ = {
			isa = PBXGroup;
			children = (
				298567F0258BDDB90096AE46 /* AppDelegate.swift */,
				298567F2258BDDBA0096AE46 /* SceneDelegate.swift */,
				298567F4258BDDBA0096AE46 /* ViewController.swift */,
				298567F6258BDDBA0096AE46 /* Main.storyboard */,
				29856805258BE17E0096AE46 /* Inceptionv3.mlmodel */,
				298567F9258BDE0F0096AE46 /* Assets.xcassets */,
				298567FB258BDE0F0096AE46 /* LaunchScreen.storyboard */,
				298567FE258BDE0F0096AE46 /* Info.plist */,
			);
			path = ImageProcessML;
			sourceTree = "<group>";
		};
/* End PBXGroup section */

/* Begin PBXNativeTarget section */
		298567EC258BDDB80096AE46 /* ImageProcessML */ = {
			isa = PBXNativeTarget;
			buildConfigurationList = 29856801258BDE0F0096AE46 /* Build configuration list for PBXNativeTarget "ImageProcessML" */;
			buildPhases = (
				298567E9258BDDB80096AE46 /* Sources */,
				298567EA258BDDB80096AE46 /* Frameworks */,
				298567EB258BDDB80096AE46 /* Resources */,
			);
			buildRules = (
			);
			dependencies = (
			);
			name = ImageProcessML;
			productName = ImageProcessML;
			productReference = 298567ED258BDDB90096AE46 /* ImageProcessML.app */;
			productType = "com.apple.product-type.application";
		};
/* End PBXNativeTarget section */

/* Begin PBXProject section */
		298567E5258BDDB20096AE46 /* Project object */ = {
			isa = PBXProject;
			attributes = {
				LastSwiftUpdateCheck = 1220;
				LastUpgradeCheck = 1220;
				TargetAttributes = {
					298567EC258BDDB80096AE46 = {
						CreatedOnToolsVersion = 12.2;
					};
				};
			};
			buildConfigurationList = 298567E8258BDDB70096AE46 /* Build configuration list for PBXProject "ImageProcessML" */;
			compatibilityVersion = "Xcode 9.3";
			developmentRegion = en;
			hasScannedForEncodings = 0;
			knownRegions = (
				en,
				Base,
			);
			mainGroup = 298567E4258BDDB10096AE46;
			productRefGroup = 298567EE258BDDB90096AE46 /* Products */;
			projectDirPath = "";
			projectRoot = "";
			targets = (
				298567EC258BDDB80096AE46 /* ImageProcessML */,
			);
		};
/* End PBXProject section */

/* Begin PBXResourcesBuildPhase section */
		298567EB258BDDB80096AE46 /* Resources */ = {
			isa = PBXResourcesBuildPhase;
			buildActionMask = 2147483647;
			files = (
				298567FD258BDE0F0096AE46 /* LaunchScreen.storyboard in Resources */,
				298567FA258BDE0F0096AE46 /* Assets.xcassets in Resources */,
				298567F8258BDDBA0096AE46 /* Main.storyboard in Resources */,
			);
			runOnlyForDeploymentPostprocessing = 0;
		};
/* End PBXResourcesBuildPhase section */

/* Begin PBXSourcesBuildPhase section */
		298567E9258BDDB80096AE46 /* Sources */ = {
			isa = PBXSourcesBuildPhase;
			buildActionMask = 2147483647;
			files = (
				298567F5258BDDBA0096AE46 /* ViewController.swift in Sources */,
				29856806258BE17E0096AE46 /* Inceptionv3.mlmodel in Sources */,
				298567F1258BDDB90096AE46 /* AppDelegate.swift in Sources */,
				298567F3258BDDBA0096AE46 /* SceneDelegate.swift in Sources */,
			);
			runOnlyForDeploymentPostprocessing = 0;
		};
/* End PBXSourcesBuildPhase section */

/* Begin PBXVariantGroup section */
		298567F6258BDDBA0096AE46 /* Main.storyboard */ = {
			isa = PBXVariantGroup;
			children = (
				298567F7258BDDBA0096AE46 /* Base */,
			);
			name = Main.storyboard;
			sourceTree = "<group>";
		};
		298567FB258BDE0F0096AE46 /* LaunchScreen.storyboard */ = {
			isa = PBXVariantGroup;
			children = (
				298567FC258BDE0F0096AE46 /* Base */,
			);
			name = LaunchScreen.storyboard;
			sourceTree = "<group>";
		};
/* End PBXVariantGroup section */

/* Begin XCBuildConfiguration section */
		298567FF258BDE0F0096AE46 /* Debug */ = {
			isa = XCBuildConfiguration;
			buildSettings = {
				ALWAYS_SEARCH_USER_PATHS = NO;
				CLANG_ANALYZER_NONNULL = YES;
				CLANG_ANALYZER_NUMBER_OBJECT_CONVERSION = YES_AGGRESSIVE;
				CLANG_CXX_LANGUAGE_STANDARD = "gnu++14";
				CLANG_CXX_LIBRARY = "libc++";
				CLANG_ENABLE_MODULES = YES;
				CLANG_ENABLE_OBJC_ARC = YES;
				CLANG_ENABLE_OBJC_WEAK = YES;
				CLANG_WARN_BLOCK_CAPTURE_AUTORELEASING = YES;
				CLANG_WARN_BOOL_CONVERSION = YES;
				CLANG_WARN_COMMA = YES;
				CLANG_WARN_CONSTANT_CONVERSION = YES;
				CLANG_WARN_DEPRECATED_OBJC_IMPLEMENTATIONS = YES;
				CLANG_WARN_DIRECT_OBJC_ISA_USAGE = YES_ERROR;
				CLANG_WARN_DOCUMENTATION_COMMENTS = YES;
				CLANG_WARN_EMPTY_BODY = YES;
				CLANG_WARN_ENUM_CONVERSION = YES;
				CLANG_WARN_INFINITE_RECURSION = YES;
				CLANG_WARN_INT_CONVERSION = YES;
				CLANG_WARN_NON_LITERAL_NULL_CONVERSION = YES;
				CLANG_WARN_OBJC_IMPLICIT_RETAIN_SELF = YES;
				CLANG_WARN_OBJC_LITERAL_CONVERSION = YES;
				CLANG_WARN_OBJC_ROOT_CLASS = YES_ERROR;
				CLANG_WARN_QUOTED_INCLUDE_IN_FRAMEWORK_HEADER = YES;
				CLANG_WARN_RANGE_LOOP_ANALYSIS = YES;
				CLANG_WARN_STRICT_PROTOTYPES = YES;
				CLANG_WARN_SUSPICIOUS_MOVE = YES;
				CLANG_WARN_UNGUARDED_AVAILABILITY = YES_AGGRESSIVE;
				CLANG_WARN_UNREACHABLE_CODE = YES;
				CLANG_WARN__DUPLICATE_METHOD_MATCH = YES;
				COPY_PHASE_STRIP = NO;
				DEBUG_INFORMATION_FORMAT = dwarf;
				ENABLE_STRICT_OBJC_MSGSEND = YES;
				ENABLE_TESTABILITY = YES;
				GCC_C_LANGUAGE_STANDARD = gnu11;
				GCC_DYNAMIC_NO_PIC = NO;
				GCC_NO_COMMON_BLOCKS = YES;
				GCC_OPTIMIZATION_LEVEL = 0;
				GCC_PREPROCESSOR_DEFINITIONS = (
					"DEBUG=1",
					"$(inherited)",
				);
				GCC_WARN_64_TO_32_BIT_CONVERSION = YES;
				GCC_WARN_ABOUT_RETURN_TYPE = YES_ERROR;
				GCC_WARN_UNDECLARED_SELECTOR = YES;
				GCC_WARN_UNINITIALIZED_AUTOS = YES_AGGRESSIVE;
				GCC_WARN_UNUSED_FUNCTION = YES;
				GCC_WARN_UNUSED_VARIABLE = YES;
				IPHONEOS_DEPLOYMENT_TARGET = 14.2;
				MTL_ENABLE_DEBUG_INFO = INCLUDE_SOURCE;
				MTL_FAST_MATH = YES;
				ONLY_ACTIVE_ARCH = YES;
				SDKROOT = iphoneos;
				SWIFT_ACTIVE_COMPILATION_CONDITIONS = DEBUG;
				SWIFT_OPTIMIZATION_LEVEL = "-Onone";
			};
			name = Debug;
		};
		29856800258BDE0F0096AE46 /* Release */ = {
			isa = XCBuildConfiguration;
			buildSettings = {
				ALWAYS_SEARCH_USER_PATHS = NO;
				CLANG_ANALYZER_NONNULL = YES;
				CLANG_ANALYZER_NUMBER_OBJECT_CONVERSION = YES_AGGRESSIVE;
				CLANG_CXX_LANGUAGE_STANDARD = "gnu++14";
				CLANG_CXX_LIBRARY = "libc++";
				CLANG_ENABLE_MODULES = YES;
				CLANG_ENABLE_OBJC_ARC = YES;
				CLANG_ENABLE_OBJC_WEAK = YES;
				CLANG_WARN_BLOCK_CAPTURE_AUTORELEASING = YES;
				CLANG_WARN_BOOL_CONVERSION = YES;
				CLANG_WARN_COMMA = YES;
				CLANG_WARN_CONSTANT_CONVERSION = YES;
				CLANG_WARN_DEPRECATED_OBJC_IMPLEMENTATIONS = YES;
				CLANG_WARN_DIRECT_OBJC_ISA_USAGE = YES_ERROR;
				CLANG_WARN_DOCUMENTATION_COMMENTS = YES;
				CLANG_WARN_EMPTY_BODY = YES;
				CLANG_WARN_ENUM_CONVERSION = YES;
				CLANG_WARN_INFINITE_RECURSION = YES;
				CLANG_WARN_INT_CONVERSION = YES;
				CLANG_WARN_NON_LITERAL_NULL_CONVERSION = YES;
				CLANG_WARN_OBJC_IMPLICIT_RETAIN_SELF = YES;
				CLANG_WARN_OBJC_LITERAL_CONVERSION = YES;
				CLANG_WARN_OBJC_ROOT_CLASS = YES_ERROR;
				CLANG_WARN_QUOTED_INCLUDE_IN_FRAMEWORK_HEADER = YES;
				CLANG_WARN_RANGE_LOOP_ANALYSIS = YES;
				CLANG_WARN_STRICT_PROTOTYPES = YES;
				CLANG_WARN_SUSPICIOUS_MOVE = YES;
				CLANG_WARN_UNGUARDED_AVAILABILITY = YES_AGGRESSIVE;
				CLANG_WARN_UNREACHABLE_CODE = YES;
				CLANG_WARN__DUPLICATE_METHOD_MATCH = YES;
				COPY_PHASE_STRIP = NO;
				DEBUG_INFORMATION_FORMAT = "dwarf-with-dsym";
				ENABLE_NS_ASSERTIONS = NO;
				ENABLE_STRICT_OBJC_MSGSEND = YES;
				GCC_C_LANGUAGE_STANDARD = gnu11;
				GCC_NO_COMMON_BLOCKS = YES;
				GCC_WARN_64_TO_32_BIT_CONVERSION = YES;
				GCC_WARN_ABOUT_RETURN_TYPE = YES_ERROR;
				GCC_WARN_UNDECLARED_SELECTOR = YES;
				GCC_WARN_UNINITIALIZED_AUTOS = YES_AGGRESSIVE;
				GCC_WARN_UNUSED_FUNCTION = YES;
				GCC_WARN_UNUSED_VARIABLE = YES;
				IPHONEOS_DEPLOYMENT_TARGET = 14.2;
				MTL_ENABLE_DEBUG_INFO = NO;
				MTL_FAST_MATH = YES;
				SDKROOT = iphoneos;
				SWIFT_COMPILATION_MODE = wholemodule;
				SWIFT_OPTIMIZATION_LEVEL = "-O";
				VALIDATE_PRODUCT = YES;
			};
			name = Release;
		};
		29856802258BDE0F0096AE46 /* Debug */ = {
			isa = XCBuildConfiguration;
			buildSettings = {
				ASSETCATALOG_COMPILER_APPICON_NAME = AppIcon;
				ASSETCATALOG_COMPILER_GLOBAL_ACCENT_COLOR_NAME = AccentColor;
				CODE_SIGN_STYLE = Automatic;
				DEVELOPMENT_TEAM = 2H3AJT2AV2;
				INFOPLIST_FILE = ImageProcessML/Info.plist;
				LD_RUNPATH_SEARCH_PATHS = (
					"$(inherited)",
					"@executable_path/Frameworks",
				);
				PRODUCT_BUNDLE_IDENTIFIER = com.Mo.ImageProcessML;
				PRODUCT_NAME = "$(TARGET_NAME)";
				SWIFT_VERSION = 5.0;
				TARGETED_DEVICE_FAMILY = "1,2";
			};
			name = Debug;
		};
		29856803258BDE0F0096AE46 /* Release */ = {
			isa = XCBuildConfiguration;
			buildSettings = {
				ASSETCATALOG_COMPILER_APPICON_NAME = AppIcon;
				ASSETCATALOG_COMPILER_GLOBAL_ACCENT_COLOR_NAME = AccentColor;
				CODE_SIGN_STYLE = Automatic;
				DEVELOPMENT_TEAM = 2H3AJT2AV2;
				INFOPLIST_FILE = ImageProcessML/Info.plist;
				LD_RUNPATH_SEARCH_PATHS = (
					"$(inherited)",
					"@executable_path/Frameworks",
				);
				PRODUCT_BUNDLE_IDENTIFIER = com.Mo.ImageProcessML;
				PRODUCT_NAME = "$(TARGET_NAME)";
				SWIFT_VERSION = 5.0;
				TARGETED_DEVICE_FAMILY = "1,2";
			};
			name = Release;
		};
/* End XCBuildConfiguration section */

/* Begin XCConfigurationList section */
		298567E8258BDDB70096AE46 /* Build configuration list for PBXProject "ImageProcessML" */ = {
			isa = XCConfigurationList;
			buildConfigurations = (
				298567FF258BDE0F0096AE46 /* Debug */,
				29856800258BDE0F0096AE46 /* Release */,
			);
			defaultConfigurationIsVisible = 0;
			defaultConfigurationName = Release;
		};
		29856801258BDE0F0096AE46 /* Build configuration list for PBXNativeTarget "ImageProcessML" */ = {
			isa = XCConfigurationList;
			buildConfigurations = (
				29856802258BDE0F0096AE46 /* Debug */,
				29856803258BDE0F0096AE46 /* Release */,
			);
			defaultConfigurationIsVisible = 0;
			defaultConfigurationName = Release;
		};
/* End XCConfigurationList section */
	};
	rootObject = 298567E5258BDDB20096AE46 /* Project object */;
}
